
Microsoft Visual Studio Solution File, Format Version 12.00
# Visual Studio Version 17
VisualStudioVersion = 17.8.34511.84
MinimumVisualStudioVersion = 10.0.40219.1
Project("{9A19103F-16F7-4668-BE54-9A1E7A4F7556}") = "OnlineShop.API", "OnlineShop.API\OnlineShop.API.csproj", "{AD8554A7-4309-4192-8B38-7FF832EE5CB0}"
EndProject
Project("{9A19103F-16F7-4668-BE54-9A1E7A4F7556}") = "OnlineShop.Domain", "OnlineShop.Domain\OnlineShop.Domain.csproj", "{7A07B580-F571-4DBF-A1F6-C4083A20C6B2}"
EndProject
Project("{9A19103F-16F7-4668-BE54-9A1E7A4F7556}") = "OnlineShop.Application", "OnlineShop.Application\OnlineShop.Application.csproj", "{81BD8526-9491-44DA-A455-34BAE76DCAA0}"
EndProject
Project("{9A19103F-16F7-4668-BE54-9A1E7A4F7556}") = "OnlineShop.Infrastructure", "OnlineShop.Infrastructure\OnlineShop.Infrastructure.csproj", "{334D3051-181C-4190-9DAF-F9A4C12AC0B6}"
EndProject
Global
	GlobalSection(SolutionConfigurationPlatforms) = preSolution
		Debug|Any CPU = Debug|Any CPU
		Release|Any CPU = Release|Any CPU
	EndGlobalSection
	GlobalSection(ProjectConfigurationPlatforms) = postSolution
		{AD8554A7-4309-4192-8B38-7FF832EE5CB0}.Debug|Any CPU.ActiveCfg = Debug|Any CPU
		{AD8554A7-4309-4192-8B38-7FF832EE5CB0}.Debug|Any CPU.Build.0 = Debug|Any CPU
		{AD8554A7-4309-4192-8B38-7FF832EE5CB0}.Release|Any CPU.ActiveCfg = Release|Any CPU
		{AD8554A7-4309-4192-8B38-7FF832EE5CB0}.Release|Any CPU.Build.0 = Release|Any CPU
		{7A07B580-F571-4DBF-A1F6-C4083A20C6B2}.Debug|Any CPU.ActiveCfg = Debug|Any CPU
		{7A07B580-F571-4DBF-A1F6-C4083A20C6B2}.Debug|Any CPU.Build.0 = Debug|Any CPU
		{7A07B580-F571-4DBF-A1F6-C4083A20C6B2}.Release|Any CPU.ActiveCfg = Release|Any CPU
		{7A07B580-F571-4DBF-A1F6-C4083A20C6B2}.Release|Any CPU.Build.0 = Release|Any CPU
		{81BD8526-9491-44DA-A455-34BAE76DCAA0}.Debug|Any CPU.ActiveCfg = Debug|Any CPU
		{81BD8526-9491-44DA-A455-34BAE76DCAA0}.Debug|Any CPU.Build.0 = Debug|Any CPU
		{81BD8526-9491-44DA-A455-34BAE76DCAA0}.Release|Any CPU.ActiveCfg = Release|Any CPU
		{81BD8526-9491-44DA-A455-34BAE76DCAA0}.Release|Any CPU.Build.0 = Release|Any CPU
		{334D3051-181C-4190-9DAF-F9A4C12AC0B6}.Debug|Any CPU.ActiveCfg = Debug|Any CPU
		{334D3051-181C-4190-9DAF-F9A4C12AC0B6}.Debug|Any CPU.Build.0 = Debug|Any CPU
		{334D3051-181C-4190-9DAF-F9A4C12AC0B6}.Release|Any CPU.ActiveCfg = Release|Any CPU
		{334D3051-181C-4190-9DAF-F9A4C12AC0B6}.Release|Any CPU.Build.0 = Release|Any CPU
	EndGlobalSection
	GlobalSection(SolutionProperties) = preSolution
		HideSolutionNode = FALSE
	EndGlobalSection
	GlobalSection(ExtensibilityGlobals) = postSolution
		SolutionGuid = {2B564A75-1448-428B-A3CE-62E944547979}
	EndGlobalSection
EndGlobal
